// !$*UTF8*$!
{
	archiveVersion = 1;
	classes = {
	};
	objectVersion = 77;
	objects = {

/* Begin PBXBuildFile section */
		047C09F02CF65D9C003B4E4B /* SwiftUICharts in Frameworks */ = {isa = PBXBuildFile; productRef = 047C09EF2CF65D9C003B4E4B /* SwiftUICharts */; };
/* End PBXBuildFile section */

/* Begin PBXContainerItemProxy section */
		047C09C12CF64179003B4E4B /* PBXContainerItemProxy */ = {
			isa = PBXContainerItemProxy;
			containerPortal = 047C09A32CF64178003B4E4B /* Project object */;
			proxyType = 1;
			remoteGlobalIDString = 047C09AA2CF64178003B4E4B;
			remoteInfo = PennyWiseFinal;
		};
		047C09CB2CF6417A003B4E4B /* PBXContainerItemProxy */ = {
			isa = PBXContainerItemProxy;
			containerPortal = 047C09A32CF64178003B4E4B /* Project object */;
			proxyType = 1;
			remoteGlobalIDString = 047C09AA2CF64178003B4E4B;
			remoteInfo = PennyWiseFinal;
		};
/* End PBXContainerItemProxy section */

/* Begin PBXFileReference section */
		047C09AB2CF64178003B4E4B /* PennyWiseFinal.app */ = {isa = PBXFileReference; explicitFileType = wrapper.application; includeInIndex = 0; path = PennyWiseFinal.app; sourceTree = BUILT_PRODUCTS_DIR; };
		047C09C02CF64179003B4E4B /* PennyWiseFinalTests.xctest */ = {isa = PBXFileReference; explicitFileType = wrapper.cfbundle; includeInIndex = 0; path = PennyWiseFinalTests.xctest; sourceTree = BUILT_PRODUCTS_DIR; };
		047C09CA2CF6417A003B4E4B /* PennyWiseFinalUITests.xctest */ = {isa = PBXFileReference; explicitFileType = wrapper.cfbundle; includeInIndex = 0; path = PennyWiseFinalUITests.xctest; sourceTree = BUILT_PRODUCTS_DIR; };
/* End PBXFileReference section */

/* Begin PBXFileSystemSynchronizedRootGroup section */
		047C09AD2CF64178003B4E4B /* PennyWiseFinal */ = {
			isa = PBXFileSystemSynchronizedRootGroup;
			path = PennyWiseFinal;
			sourceTree = "<group>";
		};
		047C09C32CF64179003B4E4B /* PennyWiseFinalTests */ = {
			isa = PBXFileSystemSynchronizedRootGroup;
			path = PennyWiseFinalTests;
			sourceTree = "<group>";
		};
		047C09CD2CF6417A003B4E4B /* PennyWiseFinalUITests */ = {
			isa = PBXFileSystemSynchronizedRootGroup;
			path = PennyWiseFinalUITests;
			sourceTree = "<group>";
		};
/* End PBXFileSystemSynchronizedRootGroup section */

/* Begin PBXFrameworksBuildPhase section */
		047C09A82CF64178003B4E4B /* Frameworks */ = {
			isa = PBXFrameworksBuildPhase;
			buildActionMask = 2147483647;
			files = (
				047C09F02CF65D9C003B4E4B /* SwiftUICharts in Frameworks */,
			);
			runOnlyForDeploymentPostprocessing = 0;
		};
		047C09BD2CF64179003B4E4B /* Frameworks */ = {
			isa = PBXFrameworksBuildPhase;
			buildActionMask = 2147483647;
			files = (
			);
			runOnlyForDeploymentPostprocessing = 0;
		};
		047C09C72CF6417A003B4E4B /* Frameworks */ = {
			isa = PBXFrameworksBuildPhase;
			buildActionMask = 2147483647;
			files = (
			);
			runOnlyForDeploymentPostprocessing = 0;
		};
/* End PBXFrameworksBuildPhase section */

/* Begin PBXGroup section */
		047C09A22CF64178003B4E4B = {
			isa = PBXGroup;
			children = (
				047C09AD2CF64178003B4E4B /* PennyWiseFinal */,
				047C09C32CF64179003B4E4B /* PennyWiseFinalTests */,
				047C09CD2CF6417A003B4E4B /* PennyWiseFinalUITests */,
				047C09AC2CF64178003B4E4B /* Products */,
			);
			sourceTree = "<group>";
		};
		047C09AC2CF64178003B4E4B /* Products */ = {
			isa = PBXGroup;
			children = (
				047C09AB2CF64178003B4E4B /* PennyWiseFinal.app */,
				047C09C02CF64179003B4E4B /* PennyWiseFinalTests.xctest */,
				047C09CA2CF6417A003B4E4B /* PennyWiseFinalUITests.xctest */,
			);
			name = Products;
			sourceTree = "<group>";
		};
/* End PBXGroup section */

/* Begin PBXNativeTarget section */
		047C09AA2CF64178003B4E4B /* PennyWiseFinal */ = {
			isa = PBXNativeTarget;
			buildConfigurationList = 047C09D42CF6417A003B4E4B /* Build configuration list for PBXNativeTarget "PennyWiseFinal" */;
			buildPhases = (
				047C09A72CF64178003B4E4B /* Sources */,
				047C09A82CF64178003B4E4B /* Frameworks */,
				047C09A92CF64178003B4E4B /* Resources */,
			);
			buildRules = (
			);
			dependencies = (
			);
			fileSystemSynchronizedGroups = (
				047C09AD2CF64178003B4E4B /* PennyWiseFinal */,
			);
			name = PennyWiseFinal;
			packageProductDependencies = (
				047C09EF2CF65D9C003B4E4B /* SwiftUICharts */,
			);
			productName = PennyWiseFinal;
			productReference = 047C09AB2CF64178003B4E4B /* PennyWiseFinal.app */;
			productType = "com.apple.product-type.application";
		};
		047C09BF2CF64179003B4E4B /* PennyWiseFinalTests */ = {
			isa = PBXNativeTarget;
			buildConfigurationList = 047C09D72CF6417A003B4E4B /* Build configuration list for PBXNativeTarget "PennyWiseFinalTests" */;
			buildPhases = (
				047C09BC2CF64179003B4E4B /* Sources */,
				047C09BD2CF64179003B4E4B /* Frameworks */,
				047C09BE2CF64179003B4E4B /* Resources */,
			);
			buildRules = (
			);
			dependencies = (
				047C09C22CF64179003B4E4B /* PBXTargetDependency */,
			);
			fileSystemSynchronizedGroups = (
				047C09C32CF64179003B4E4B /* PennyWiseFinalTests */,
			);
			name = PennyWiseFinalTests;
			packageProductDependencies = (
			);
			productName = PennyWiseFinalTests;
			productReference = 047C09C02CF64179003B4E4B /* PennyWiseFinalTests.xctest */;
			productType = "com.apple.product-type.bundle.unit-test";
		};
		047C09C92CF6417A003B4E4B /* PennyWiseFinalUITests */ = {
			isa = PBXNativeTarget;
			buildConfigurationList = 047C09DA2CF6417A003B4E4B /* Build configuration list for PBXNativeTarget "PennyWiseFinalUITests" */;
			buildPhases = (
				047C09C62CF6417A003B4E4B /* Sources */,
				047C09C72CF6417A003B4E4B /* Frameworks */,
				047C09C82CF6417A003B4E4B /* Resources */,
			);
			buildRules = (
			);
			dependencies = (
				047C09CC2CF6417A003B4E4B /* PBXTargetDependency */,
			);
			fileSystemSynchronizedGroups = (
				047C09CD2CF6417A003B4E4B /* PennyWiseFinalUITests */,
			);
			name = PennyWiseFinalUITests;
			packageProductDependencies = (
			);
			productName = PennyWiseFinalUITests;
			productReference = 047C09CA2CF6417A003B4E4B /* PennyWiseFinalUITests.xctest */;
			productType = "com.apple.product-type.bundle.ui-testing";
		};
/* End PBXNativeTarget section */

/* Begin PBXProject section */
		047C09A32CF64178003B4E4B /* Project object */ = {
			isa = PBXProject;
			attributes = {
				BuildIndependentTargetsInParallel = 1;
				LastSwiftUpdateCheck = 1610;
				LastUpgradeCheck = 1610;
				TargetAttributes = {
					047C09AA2CF64178003B4E4B = {
						CreatedOnToolsVersion = 16.1;
					};
					047C09BF2CF64179003B4E4B = {
						CreatedOnToolsVersion = 16.1;
						TestTargetID = 047C09AA2CF64178003B4E4B;
					};
					047C09C92CF6417A003B4E4B = {
						CreatedOnToolsVersion = 16.1;
						TestTargetID = 047C09AA2CF64178003B4E4B;
					};
				};
			};
			buildConfigurationList = 047C09A62CF64178003B4E4B /* Build configuration list for PBXProject "PennyWiseFinal" */;
			developmentRegion = en;
			hasScannedForEncodings = 0;
			knownRegions = (
				en,
				Base,
			);
			mainGroup = 047C09A22CF64178003B4E4B;
			minimizedProjectReferenceProxies = 1;
			packageReferences = (
				047C09EE2CF65D8C003B4E4B /* XCRemoteSwiftPackageReference "SwiftUICharts" */,
			);
			preferredProjectObjectVersion = 77;
			productRefGroup = 047C09AC2CF64178003B4E4B /* Products */;
			projectDirPath = "";
			projectRoot = "";
			targets = (
				047C09AA2CF64178003B4E4B /* PennyWiseFinal */,
				047C09BF2CF64179003B4E4B /* PennyWiseFinalTests */,
				047C09C92CF6417A003B4E4B /* PennyWiseFinalUITests */,
			);
		};
/* End PBXProject section */

/* Begin PBXResourcesBuildPhase section */
		047C09A92CF64178003B4E4B /* Resources */ = {
			isa = PBXResourcesBuildPhase;
			buildActionMask = 2147483647;
			files = (
			);
			runOnlyForDeploymentPostprocessing = 0;
		};
		047C09BE2CF64179003B4E4B /* Resources */ = {
			isa = PBXResourcesBuildPhase;
			buildActionMask = 2147483647;
			files = (
			);
			runOnlyForDeploymentPostprocessing = 0;
		};
		047C09C82CF6417A003B4E4B /* Resources */ = {
			isa = PBXResourcesBuildPhase;
			buildActionMask = 2147483647;
			files = (
			);
			runOnlyForDeploymentPostprocessing = 0;
		};
/* End PBXResourcesBuildPhase section */

/* Begin PBXSourcesBuildPhase section */
		047C09A72CF64178003B4E4B /* Sources */ = {
			isa = PBXSourcesBuildPhase;
			buildActionMask = 2147483647;
			files = (
			);
			runOnlyForDeploymentPostprocessing = 0;
		};
		047C09BC2CF64179003B4E4B /* Sources */ = {
			isa = PBXSourcesBuildPhase;
			buildActionMask = 2147483647;
			files = (
			);
			runOnlyForDeploymentPostprocessing = 0;
		};
		047C09C62CF6417A003B4E4B /* Sources */ = {
			isa = PBXSourcesBuildPhase;
			buildActionMask = 2147483647;
			files = (
			);
			runOnlyForDeploymentPostprocessing = 0;
		};
/* End PBXSourcesBuildPhase section */

/* Begin PBXTargetDependency section */
		047C09C22CF64179003B4E4B /* PBXTargetDependency */ = {
			isa = PBXTargetDependency;
			target = 047C09AA2CF64178003B4E4B /* PennyWiseFinal */;
			targetProxy = 047C09C12CF64179003B4E4B /* PBXContainerItemProxy */;
		};
		047C09CC2CF6417A003B4E4B /* PBXTargetDependency */ = {
			isa = PBXTargetDependency;
			target = 047C09AA2CF64178003B4E4B /* PennyWiseFinal */;
			targetProxy = 047C09CB2CF6417A003B4E4B /* PBXContainerItemProxy */;
		};
/* End PBXTargetDependency section */

/* Begin XCBuildConfiguration section */
		047C09D22CF6417A003B4E4B /* Debug */ = {
			isa = XCBuildConfiguration;
			buildSettings = {
				ALWAYS_SEARCH_USER_PATHS = NO;
				ASSETCATALOG_COMPILER_GENERATE_SWIFT_ASSET_SYMBOL_EXTENSIONS = YES;
				CLANG_ANALYZER_NONNULL = YES;
				CLANG_ANALYZER_NUMBER_OBJECT_CONVERSION = YES_AGGRESSIVE;
				CLANG_CXX_LANGUAGE_STANDARD = "gnu++20";
				CLANG_ENABLE_MODULES = YES;
				CLANG_ENABLE_OBJC_ARC = YES;
				CLANG_ENABLE_OBJC_WEAK = YES;
				CLANG_WARN_BLOCK_CAPTURE_AUTORELEASING = YES;
				CLANG_WARN_BOOL_CONVERSION = YES;
				CLANG_WARN_COMMA = YES;
				CLANG_WARN_CONSTANT_CONVERSION = YES;
				CLANG_WARN_DEPRECATED_OBJC_IMPLEMENTATIONS = YES;
				CLANG_WARN_DIRECT_OBJC_ISA_USAGE = YES_ERROR;
				CLANG_WARN_DOCUMENTATION_COMMENTS = YES;
				CLANG_WARN_EMPTY_BODY = YES;
				CLANG_WARN_ENUM_CONVERSION = YES;
				CLANG_WARN_INFINITE_RECURSION = YES;
				CLANG_WARN_INT_CONVERSION = YES;
				CLANG_WARN_NON_LITERAL_NULL_CONVERSION = YES;
				CLANG_WARN_OBJC_IMPLICIT_RETAIN_SELF = YES;
				CLANG_WARN_OBJC_LITERAL_CONVERSION = YES;
				CLANG_WARN_OBJC_ROOT_CLASS = YES_ERROR;
				CLANG_WARN_QUOTED_INCLUDE_IN_FRAMEWORK_HEADER = YES;
				CLANG_WARN_RANGE_LOOP_ANALYSIS = YES;
				CLANG_WARN_STRICT_PROTOTYPES = YES;
				CLANG_WARN_SUSPICIOUS_MOVE = YES;
				CLANG_WARN_UNGUARDED_AVAILABILITY = YES_AGGRESSIVE;
				CLANG_WARN_UNREACHABLE_CODE = YES;
				CLANG_WARN__DUPLICATE_METHOD_MATCH = YES;
				COPY_PHASE_STRIP = NO;
				DEBUG_INFORMATION_FORMAT = dwarf;
				ENABLE_STRICT_OBJC_MSGSEND = YES;
				ENABLE_TESTABILITY = YES;
				ENABLE_USER_SCRIPT_SANDBOXING = YES;
				GCC_C_LANGUAGE_STANDARD = gnu17;
				GCC_DYNAMIC_NO_PIC = NO;
				GCC_NO_COMMON_BLOCKS = YES;
				GCC_OPTIMIZATION_LEVEL = 0;
				GCC_PREPROCESSOR_DEFINITIONS = (
					"DEBUG=1",
					"$(inherited)",
				);
				GCC_WARN_64_TO_32_BIT_CONVERSION = YES;
				GCC_WARN_ABOUT_RETURN_TYPE = YES_ERROR;
				GCC_WARN_UNDECLARED_SELECTOR = YES;
				GCC_WARN_UNINITIALIZED_AUTOS = YES_AGGRESSIVE;
				GCC_WARN_UNUSED_FUNCTION = YES;
				GCC_WARN_UNUSED_VARIABLE = YES;
				IPHONEOS_DEPLOYMENT_TARGET = 18.1;
				LOCALIZATION_PREFERS_STRING_CATALOGS = YES;
				MTL_ENABLE_DEBUG_INFO = INCLUDE_SOURCE;
				MTL_FAST_MATH = YES;
				ONLY_ACTIVE_ARCH = YES;
				SDKROOT = iphoneos;
				SWIFT_ACTIVE_COMPILATION_CONDITIONS = "DEBUG $(inherited)";
				SWIFT_OPTIMIZATION_LEVEL = "-Onone";
			};
			name = Debug;
		};
		047C09D32CF6417A003B4E4B /* Release */ = {
			isa = XCBuildConfiguration;
			buildSettings = {
				ALWAYS_SEARCH_USER_PATHS = NO;
				ASSETCATALOG_COMPILER_GENERATE_SWIFT_ASSET_SYMBOL_EXTENSIONS = YES;
				CLANG_ANALYZER_NONNULL = YES;
				CLANG_ANALYZER_NUMBER_OBJECT_CONVERSION = YES_AGGRESSIVE;
				CLANG_CXX_LANGUAGE_STANDARD = "gnu++20";
				CLANG_ENABLE_MODULES = YES;
				CLANG_ENABLE_OBJC_ARC = YES;
				CLANG_ENABLE_OBJC_WEAK = YES;
				CLANG_WARN_BLOCK_CAPTURE_AUTORELEASING = YES;
				CLANG_WARN_BOOL_CONVERSION = YES;
				CLANG_WARN_COMMA = YES;
				CLANG_WARN_CONSTANT_CONVERSION = YES;
				CLANG_WARN_DEPRECATED_OBJC_IMPLEMENTATIONS = YES;
				CLANG_WARN_DIRECT_OBJC_ISA_USAGE = YES_ERROR;
				CLANG_WARN_DOCUMENTATION_COMMENTS = YES;
				CLANG_WARN_EMPTY_BODY = YES;
				CLANG_WARN_ENUM_CONVERSION = YES;
				CLANG_WARN_INFINITE_RECURSION = YES;
				CLANG_WARN_INT_CONVERSION = YES;
				CLANG_WARN_NON_LITERAL_NULL_CONVERSION = YES;
				CLANG_WARN_OBJC_IMPLICIT_RETAIN_SELF = YES;
				CLANG_WARN_OBJC_LITERAL_CONVERSION = YES;
				CLANG_WARN_OBJC_ROOT_CLASS = YES_ERROR;
				CLANG_WARN_QUOTED_INCLUDE_IN_FRAMEWORK_HEADER = YES;
				CLANG_WARN_RANGE_LOOP_ANALYSIS = YES;
				CLANG_WARN_STRICT_PROTOTYPES = YES;
				CLANG_WARN_SUSPICIOUS_MOVE = YES;
				CLANG_WARN_UNGUARDED_AVAILABILITY = YES_AGGRESSIVE;
				CLANG_WARN_UNREACHABLE_CODE = YES;
				CLANG_WARN__DUPLICATE_METHOD_MATCH = YES;
				COPY_PHASE_STRIP = NO;
				DEBUG_INFORMATION_FORMAT = "dwarf-with-dsym";
				ENABLE_NS_ASSERTIONS = NO;
				ENABLE_STRICT_OBJC_MSGSEND = YES;
				ENABLE_USER_SCRIPT_SANDBOXING = YES;
				GCC_C_LANGUAGE_STANDARD = gnu17;
				GCC_NO_COMMON_BLOCKS = YES;
				GCC_WARN_64_TO_32_BIT_CONVERSION = YES;
				GCC_WARN_ABOUT_RETURN_TYPE = YES_ERROR;
				GCC_WARN_UNDECLARED_SELECTOR = YES;
				GCC_WARN_UNINITIALIZED_AUTOS = YES_AGGRESSIVE;
				GCC_WARN_UNUSED_FUNCTION = YES;
				GCC_WARN_UNUSED_VARIABLE = YES;
				IPHONEOS_DEPLOYMENT_TARGET = 18.1;
				LOCALIZATION_PREFERS_STRING_CATALOGS = YES;
				MTL_ENABLE_DEBUG_INFO = NO;
				MTL_FAST_MATH = YES;
				SDKROOT = iphoneos;
				SWIFT_COMPILATION_MODE = wholemodule;
				VALIDATE_PRODUCT = YES;
			};
			name = Release;
		};
		047C09D52CF6417A003B4E4B /* Debug */ = {
			isa = XCBuildConfiguration;
			buildSettings = {
				ASSETCATALOG_COMPILER_APPICON_NAME = AppIcon;
				ASSETCATALOG_COMPILER_GLOBAL_ACCENT_COLOR_NAME = AccentColor;
				CODE_SIGN_STYLE = Automatic;
				CURRENT_PROJECT_VERSION = 1;
				DEVELOPMENT_ASSET_PATHS = "\"PennyWiseFinal/Preview Content\"";
				DEVELOPMENT_TEAM = T6V9U89ZWR;
				ENABLE_PREVIEWS = YES;
				GENERATE_INFOPLIST_FILE = YES;
				INFOPLIST_KEY_UIApplicationSceneManifest_Generation = YES;
				INFOPLIST_KEY_UIApplicationSupportsIndirectInputEvents = YES;
				INFOPLIST_KEY_UILaunchScreen_Generation = YES;
				INFOPLIST_KEY_UISupportedInterfaceOrientations_iPad = "UIInterfaceOrientationPortrait UIInterfaceOrientationPortraitUpsideDown UIInterfaceOrientationLandscapeLeft UIInterfaceOrientationLandscapeRight";
				INFOPLIST_KEY_UISupportedInterfaceOrientations_iPhone = "UIInterfaceOrientationPortrait UIInterfaceOrientationLandscapeLeft UIInterfaceOrientationLandscapeRight";
				LD_RUNPATH_SEARCH_PATHS = (
					"$(inherited)",
					"@executable_path/Frameworks",
				);
				MARKETING_VERSION = 1.0;
				PRODUCT_BUNDLE_IDENTIFIER = Home.PennyWiseFinal;
				PRODUCT_NAME = "$(TARGET_NAME)";
				SWIFT_EMIT_LOC_STRINGS = YES;
				SWIFT_VERSION = 5.0;
				TARGETED_DEVICE_FAMILY = "1,2";
			};
			name = Debug;
		};
		047C09D62CF6417A003B4E4B /* Release */ = {
			isa = XCBuildConfiguration;
			buildSettings = {
				ASSETCATALOG_COMPILER_APPICON_NAME = AppIcon;
				ASSETCATALOG_COMPILER_GLOBAL_ACCENT_COLOR_NAME = AccentColor;
				CODE_SIGN_STYLE = Automatic;
				CURRENT_PROJECT_VERSION = 1;
				DEVELOPMENT_ASSET_PATHS = "\"PennyWiseFinal/Preview Content\"";
				DEVELOPMENT_TEAM = T6V9U89ZWR;
				ENABLE_PREVIEWS = YES;
				GENERATE_INFOPLIST_FILE = YES;
				INFOPLIST_KEY_UIApplicationSceneManifest_Generation = YES;
				INFOPLIST_KEY_UIApplicationSupportsIndirectInputEvents = YES;
				INFOPLIST_KEY_UILaunchScreen_Generation = YES;
				INFOPLIST_KEY_UISupportedInterfaceOrientations_iPad = "UIInterfaceOrientationPortrait UIInterfaceOrientationPortraitUpsideDown UIInterfaceOrientationLandscapeLeft UIInterfaceOrientationLandscapeRight";
				INFOPLIST_KEY_UISupportedInterfaceOrientations_iPhone = "UIInterfaceOrientationPortrait UIInterfaceOrientationLandscapeLeft UIInterfaceOrientationLandscapeRight";
				LD_RUNPATH_SEARCH_PATHS = (
					"$(inherited)",
					"@executable_path/Frameworks",
				);
				MARKETING_VERSION = 1.0;
				PRODUCT_BUNDLE_IDENTIFIER = Home.PennyWiseFinal;
				PRODUCT_NAME = "$(TARGET_NAME)";
				SWIFT_EMIT_LOC_STRINGS = YES;
				SWIFT_VERSION = 5.0;
				TARGETED_DEVICE_FAMILY = "1,2";
			};
			name = Release;
		};
		047C09D82CF6417A003B4E4B /* Debug */ = {
			isa = XCBuildConfiguration;
			buildSettings = {
				BUNDLE_LOADER = "$(TEST_HOST)";
				CODE_SIGN_STYLE = Automatic;
				CURRENT_PROJECT_VERSION = 1;
				DEVELOPMENT_TEAM = T6V9U89ZWR;
				GENERATE_INFOPLIST_FILE = YES;
				IPHONEOS_DEPLOYMENT_TARGET = 18.1;
				MARKETING_VERSION = 1.0;
				PRODUCT_BUNDLE_IDENTIFIER = Home.PennyWiseFinalTests;
				PRODUCT_NAME = "$(TARGET_NAME)";
				SWIFT_EMIT_LOC_STRINGS = NO;
				SWIFT_VERSION = 5.0;
				TARGETED_DEVICE_FAMILY = "1,2";
				TEST_HOST = "$(BUILT_PRODUCTS_DIR)/PennyWiseFinal.app/$(BUNDLE_EXECUTABLE_FOLDER_PATH)/PennyWiseFinal";
			};
			name = Debug;
		};
		047C09D92CF6417A003B4E4B /* Release */ = {
			isa = XCBuildConfiguration;
			buildSettings = {
				BUNDLE_LOADER = "$(TEST_HOST)";
				CODE_SIGN_STYLE = Automatic;
				CURRENT_PROJECT_VERSION = 1;
				DEVELOPMENT_TEAM = T6V9U89ZWR;
				GENERATE_INFOPLIST_FILE = YES;
				IPHONEOS_DEPLOYMENT_TARGET = 18.1;
				MARKETING_VERSION = 1.0;
				PRODUCT_BUNDLE_IDENTIFIER = Home.PennyWiseFinalTests;
				PRODUCT_NAME = "$(TARGET_NAME)";
				SWIFT_EMIT_LOC_STRINGS = NO;
				SWIFT_VERSION = 5.0;
				TARGETED_DEVICE_FAMILY = "1,2";
				TEST_HOST = "$(BUILT_PRODUCTS_DIR)/PennyWiseFinal.app/$(BUNDLE_EXECUTABLE_FOLDER_PATH)/PennyWiseFinal";
			};
			name = Release;
		};
		047C09DB2CF6417A003B4E4B /* Debug */ = {
			isa = XCBuildConfiguration;
			buildSettings = {
				CODE_SIGN_STYLE = Automatic;
				CURRENT_PROJECT_VERSION = 1;
				DEVELOPMENT_TEAM = T6V9U89ZWR;
				GENERATE_INFOPLIST_FILE = YES;
				MARKETING_VERSION = 1.0;
				PRODUCT_BUNDLE_IDENTIFIER = Home.PennyWiseFinalUITests;
				PRODUCT_NAME = "$(TARGET_NAME)";
				SWIFT_EMIT_LOC_STRINGS = NO;
				SWIFT_VERSION = 5.0;
				TARGETED_DEVICE_FAMILY = "1,2";
				TEST_TARGET_NAME = PennyWiseFinal;
			};
			name = Debug;
		};
		047C09DC2CF6417A003B4E4B /* Release */ = {
			isa = XCBuildConfiguration;
			buildSettings = {
				CODE_SIGN_STYLE = Automatic;
				CURRENT_PROJECT_VERSION = 1;
				DEVELOPMENT_TEAM = T6V9U89ZWR;
				GENERATE_INFOPLIST_FILE = YES;
				MARKETING_VERSION = 1.0;
				PRODUCT_BUNDLE_IDENTIFIER = Home.PennyWiseFinalUITests;
				PRODUCT_NAME = "$(TARGET_NAME)";
				SWIFT_EMIT_LOC_STRINGS = NO;
				SWIFT_VERSION = 5.0;
				TARGETED_DEVICE_FAMILY = "1,2";
				TEST_TARGET_NAME = PennyWiseFinal;
			};
			name = Release;
		};
/* End XCBuildConfiguration section */

/* Begin XCConfigurationList section */
		047C09A62CF64178003B4E4B /* Build configuration list for PBXProject "PennyWiseFinal" */ = {
			isa = XCConfigurationList;
			buildConfigurations = (
				047C09D22CF6417A003B4E4B /* Debug */,
				047C09D32CF6417A003B4E4B /* Release */,
			);
			defaultConfigurationIsVisible = 0;
			defaultConfigurationName = Release;
		};
		047C09D42CF6417A003B4E4B /* Build configuration list for PBXNativeTarget "PennyWiseFinal" */ = {
			isa = XCConfigurationList;
			buildConfigurations = (
				047C09D52CF6417A003B4E4B /* Debug */,
				047C09D62CF6417A003B4E4B /* Release */,
			);
			defaultConfigurationIsVisible = 0;
			defaultConfigurationName = Release;
		};
		047C09D72CF6417A003B4E4B /* Build configuration list for PBXNativeTarget "PennyWiseFinalTests" */ = {
			isa = XCConfigurationList;
			buildConfigurations = (
				047C09D82CF6417A003B4E4B /* Debug */,
				047C09D92CF6417A003B4E4B /* Release */,
			);
			defaultConfigurationIsVisible = 0;
			defaultConfigurationName = Release;
		};
		047C09DA2CF6417A003B4E4B /* Build configuration list for PBXNativeTarget "PennyWiseFinalUITests" */ = {
			isa = XCConfigurationList;
			buildConfigurations = (
				047C09DB2CF6417A003B4E4B /* Debug */,
				047C09DC2CF6417A003B4E4B /* Release */,
			);
			defaultConfigurationIsVisible = 0;
			defaultConfigurationName = Release;
		};
/* End XCConfigurationList section */

/* Begin XCRemoteSwiftPackageReference section */
		047C09EE2CF65D8C003B4E4B /* XCRemoteSwiftPackageReference "SwiftUICharts" */ = {
			isa = XCRemoteSwiftPackageReference;
			repositoryURL = "https://github.com/willdale/SwiftUICharts";
			requirement = {
				kind = upToNextMajorVersion;
				minimumVersion = 2.10.3;
			};
		};
/* End XCRemoteSwiftPackageReference section */

/* Begin XCSwiftPackageProductDependency section */
		047C09EF2CF65D9C003B4E4B /* SwiftUICharts */ = {
			isa = XCSwiftPackageProductDependency;
			package = 047C09EE2CF65D8C003B4E4B /* XCRemoteSwiftPackageReference "SwiftUICharts" */;
			productName = SwiftUICharts;
		};
/* End XCSwiftPackageProductDependency section */
	};
	rootObject = 047C09A32CF64178003B4E4B /* Project object */;
}
